
Microsoft Visual Studio Solution File, Format Version 12.00
# Visual Studio 14
VisualStudioVersion = 14.0.23107.0
MinimumVisualStudioVersion = 10.0.40219.1
Project("{FAE04EC0-301F-11D3-BF4B-00C04F79EFBC}") = "Codewars", "Codewars\Codewars.csproj", "{A3FA9AB5-02AD-4383-9EC1-C35DB75C1DB5}"
EndProject
Project("{FAE04EC0-301F-11D3-BF4B-00C04F79EFBC}") = "Codewars.Test", "Codewars.Test\Codewars.Test.csproj", "{3FA408D8-2C10-47E9-A002-C25478914EFF}"
EndProject
Global
	GlobalSection(SolutionConfigurationPlatforms) = preSolution
		Debug|Any CPU = Debug|Any CPU
		Release|Any CPU = Release|Any CPU
	EndGlobalSection
	GlobalSection(ProjectConfigurationPlatforms) = postSolution
		{A3FA9AB5-02AD-4383-9EC1-C35DB75C1DB5}.Debug|Any CPU.ActiveCfg = Debug|Any CPU
		{A3FA9AB5-02AD-4383-9EC1-C35DB75C1DB5}.Debug|Any CPU.Build.0 = Debug|Any CPU
		{A3FA9AB5-02AD-4383-9EC1-C35DB75C1DB5}.Release|Any CPU.ActiveCfg = Release|Any CPU
		{A3FA9AB5-02AD-4383-9EC1-C35DB75C1DB5}.Release|Any CPU.Build.0 = Release|Any CPU
		{3FA408D8-2C10-47E9-A002-C25478914EFF}.Debug|Any CPU.ActiveCfg = Debug|Any CPU
		{3FA408D8-2C10-47E9-A002-C25478914EFF}.Debug|Any CPU.Build.0 = Debug|Any CPU
		{3FA408D8-2C10-47E9-A002-C25478914EFF}.Release|Any CPU.ActiveCfg = Release|Any CPU
		{3FA408D8-2C10-47E9-A002-C25478914EFF}.Release|Any CPU.Build.0 = Release|Any CPU
	EndGlobalSection
	GlobalSection(SolutionProperties) = preSolution
		HideSolutionNode = FALSE
	EndGlobalSection
EndGlobal
